// !$*UTF8*$!
{
	archiveVersion = 1;
	classes = {
	};
	objectVersion = 46;
	objects = {

/* Begin PBXAggregateTarget section */
		11247C3E1DBFB7BF00557851 /* Mogenerator */ = {
			isa = PBXAggregateTarget;
			buildConfigurationList = 11247C3F1DBFB7BF00557851 /* Build configuration list for PBXAggregateTarget "Mogenerator" */;
			buildPhases = (
				11247C421DBFB7E100557851 /* ShellScript */,
			);
			dependencies = (
			);
			name = Mogenerator;
			productName = Mogenerator;
		};
/* End PBXAggregateTarget section */

/* Begin PBXBuildFile section */
		11247C371DBF577E00557851 /* StationTableViewController.swift in Sources */ = {isa = PBXBuildFile; fileRef = 11247C361DBF577E00557851 /* StationTableViewController.swift */; };
		11247C3A1DBF5CE600557851 /* allStations.json in Resources */ = {isa = PBXBuildFile; fileRef = 11247C391DBF5CE600557851 /* allStations.json */; };
		11247C431DBFB9DF00557851 /* timetable.xcdatamodeld in Sources */ = {isa = PBXBuildFile; fileRef = 11C4A6F21DBE69F500DB103A /* timetable.xcdatamodeld */; };
		11C4A6EC1DBE69F500DB103A /* AppDelegate.swift in Sources */ = {isa = PBXBuildFile; fileRef = 11C4A6EB1DBE69F500DB103A /* AppDelegate.swift */; };
		11C4A6F11DBE69F500DB103A /* Main.storyboard in Resources */ = {isa = PBXBuildFile; fileRef = 11C4A6EF1DBE69F500DB103A /* Main.storyboard */; };
		11C4A6F61DBE69F500DB103A /* Assets.xcassets in Resources */ = {isa = PBXBuildFile; fileRef = 11C4A6F51DBE69F500DB103A /* Assets.xcassets */; };
		11C4A6F91DBE69F500DB103A /* LaunchScreen.storyboard in Resources */ = {isa = PBXBuildFile; fileRef = 11C4A6F71DBE69F500DB103A /* LaunchScreen.storyboard */; };
/* End PBXBuildFile section */

/* Begin PBXFileReference section */
		11247C361DBF577E00557851 /* StationTableViewController.swift */ = {isa = PBXFileReference; fileEncoding = 4; lastKnownFileType = sourcecode.swift; path = StationTableViewController.swift; sourceTree = "<group>"; };
		11247C391DBF5CE600557851 /* allStations.json */ = {isa = PBXFileReference; fileEncoding = 4; lastKnownFileType = text.json; path = allStations.json; sourceTree = "<group>"; };
		11C4A6E81DBE69F500DB103A /* timetable.app */ = {isa = PBXFileReference; explicitFileType = wrapper.application; includeInIndex = 0; path = timetable.app; sourceTree = BUILT_PRODUCTS_DIR; };
		11C4A6EB1DBE69F500DB103A /* AppDelegate.swift */ = {isa = PBXFileReference; lastKnownFileType = sourcecode.swift; path = AppDelegate.swift; sourceTree = "<group>"; };
		11C4A6F01DBE69F500DB103A /* Base */ = {isa = PBXFileReference; lastKnownFileType = file.storyboard; name = Base; path = Base.lproj/Main.storyboard; sourceTree = "<group>"; };
		11C4A6F31DBE69F500DB103A /* timetable.xcdatamodel */ = {isa = PBXFileReference; lastKnownFileType = wrapper.xcdatamodel; path = timetable.xcdatamodel; sourceTree = "<group>"; };
		11C4A6F51DBE69F500DB103A /* Assets.xcassets */ = {isa = PBXFileReference; lastKnownFileType = folder.assetcatalog; path = Assets.xcassets; sourceTree = "<group>"; };
		11C4A6F81DBE69F500DB103A /* Base */ = {isa = PBXFileReference; lastKnownFileType = file.storyboard; name = Base; path = Base.lproj/LaunchScreen.storyboard; sourceTree = "<group>"; };
		11C4A6FA1DBE69F500DB103A /* Info.plist */ = {isa = PBXFileReference; lastKnownFileType = text.plist.xml; path = Info.plist; sourceTree = "<group>"; };
/* End PBXFileReference section */

/* Begin PBXFrameworksBuildPhase section */
		11C4A6E51DBE69F400DB103A /* Frameworks */ = {
			isa = PBXFrameworksBuildPhase;
			buildActionMask = 2147483647;
			files = (
			);
			runOnlyForDeploymentPostprocessing = 0;
		};
/* End PBXFrameworksBuildPhase section */

/* Begin PBXGroup section */
		11247C331DBF524E00557851 /* Storyboards */ = {
			isa = PBXGroup;
			children = (
				11C4A6F71DBE69F500DB103A /* LaunchScreen.storyboard */,
				11C4A6EF1DBE69F500DB103A /* Main.storyboard */,
			);
			name = Storyboards;
			sourceTree = "<group>";
		};
		11247C381DBF5C9E00557851 /* Resources */ = {
			isa = PBXGroup;
			children = (
				11247C391DBF5CE600557851 /* allStations.json */,
			);
			name = Resources;
			sourceTree = "<group>";
		};
		11247C441DBFD01300557851 /* Sources */ = {
			isa = PBXGroup;
			children = (
				11247C471DBFD0F400557851 /* View models */,
				11247C461DBFD0E600557851 /* View controllers */,
				11247C381DBF5C9E00557851 /* Resources */,
				11247C331DBF524E00557851 /* Storyboards */,
				11247C451DBFD08600557851 /* CoreData */,
			);
			name = Sources;
			sourceTree = "<group>";
		};
		11247C451DBFD08600557851 /* CoreData */ = {
			isa = PBXGroup;
			children = (
				11247C4A1DBFD1C100557851 /* Editable */,
				11247C491DBFD1B000557851 /* Genetated */,
				11247C481DBFD17400557851 /* Model */,
			);
			name = CoreData;
			sourceTree = "<group>";
		};
		11247C461DBFD0E600557851 /* View controllers */ = {
			isa = PBXGroup;
			children = (
				11247C361DBF577E00557851 /* StationTableViewController.swift */,
			);
			name = "View controllers";
			sourceTree = "<group>";
		};
		11247C471DBFD0F400557851 /* View models */ = {
			isa = PBXGroup;
			children = (
			);
			name = "View models";
			sourceTree = "<group>";
		};
		11247C481DBFD17400557851 /* Model */ = {
			isa = PBXGroup;
			children = (
				11C4A6F21DBE69F500DB103A /* timetable.xcdatamodeld */,
			);
			name = Model;
			sourceTree = "<group>";
		};
		11247C491DBFD1B000557851 /* Genetated */ = {
			isa = PBXGroup;
			children = (
			);
			name = Genetated;
			sourceTree = "<group>";
		};
		11247C4A1DBFD1C100557851 /* Editable */ = {
			isa = PBXGroup;
			children = (
			);
			name = Editable;
			sourceTree = "<group>";
		};
		11C4A6DF1DBE69F400DB103A = {
			isa = PBXGroup;
			children = (
				11C4A6EA1DBE69F500DB103A /* timetable */,
				11C4A6E91DBE69F500DB103A /* Products */,
			);
			sourceTree = "<group>";
		};
		11C4A6E91DBE69F500DB103A /* Products */ = {
			isa = PBXGroup;
			children = (
				11C4A6E81DBE69F500DB103A /* timetable.app */,
			);
			name = Products;
			sourceTree = "<group>";
		};
		11C4A6EA1DBE69F500DB103A /* timetable */ = {
			isa = PBXGroup;
			children = (
				11247C441DBFD01300557851 /* Sources */,
				11C4A6EB1DBE69F500DB103A /* AppDelegate.swift */,
				11C4A6F51DBE69F500DB103A /* Assets.xcassets */,
				11C4A6FA1DBE69F500DB103A /* Info.plist */,
			);
			path = timetable;
			sourceTree = "<group>";
		};
/* End PBXGroup section */

/* Begin PBXNativeTarget section */
		11C4A6E71DBE69F400DB103A /* timetable */ = {
			isa = PBXNativeTarget;
			buildConfigurationList = 11C4A6FD1DBE69F500DB103A /* Build configuration list for PBXNativeTarget "timetable" */;
			buildPhases = (
				11C4A6E41DBE69F400DB103A /* Sources */,
				11C4A6E51DBE69F400DB103A /* Frameworks */,
				11C4A6E61DBE69F400DB103A /* Resources */,
			);
			buildRules = (
			);
			dependencies = (
			);
			name = timetable;
			productName = timetable;
			productReference = 11C4A6E81DBE69F500DB103A /* timetable.app */;
			productType = "com.apple.product-type.application";
		};
/* End PBXNativeTarget section */

/* Begin PBXProject section */
		11C4A6E01DBE69F400DB103A /* Project object */ = {
			isa = PBXProject;
			attributes = {
				LastSwiftUpdateCheck = 0800;
				LastUpgradeCheck = 0800;
				ORGANIZATIONNAME = "Alexander Terekhov";
				TargetAttributes = {
					11247C3E1DBFB7BF00557851 = {
						CreatedOnToolsVersion = 8.0;
						DevelopmentTeam = U754XV4Y2S;
						ProvisioningStyle = Automatic;
					};
					11C4A6E71DBE69F400DB103A = {
						CreatedOnToolsVersion = 8.0;
						DevelopmentTeam = U754XV4Y2S;
						ProvisioningStyle = Automatic;
					};
				};
			};
			buildConfigurationList = 11C4A6E31DBE69F400DB103A /* Build configuration list for PBXProject "timetable" */;
			compatibilityVersion = "Xcode 3.2";
			developmentRegion = English;
			hasScannedForEncodings = 0;
			knownRegions = (
				en,
				Base,
			);
			mainGroup = 11C4A6DF1DBE69F400DB103A;
			productRefGroup = 11C4A6E91DBE69F500DB103A /* Products */;
			projectDirPath = "";
			projectRoot = "";
			targets = (
				11C4A6E71DBE69F400DB103A /* timetable */,
				11247C3E1DBFB7BF00557851 /* Mogenerator */,
			);
		};
/* End PBXProject section */

/* Begin PBXResourcesBuildPhase section */
		11C4A6E61DBE69F400DB103A /* Resources */ = {
			isa = PBXResourcesBuildPhase;
			buildActionMask = 2147483647;
			files = (
				11C4A6F91DBE69F500DB103A /* LaunchScreen.storyboard in Resources */,
				11C4A6F61DBE69F500DB103A /* Assets.xcassets in Resources */,
				11247C3A1DBF5CE600557851 /* allStations.json in Resources */,
				11C4A6F11DBE69F500DB103A /* Main.storyboard in Resources */,
			);
			runOnlyForDeploymentPostprocessing = 0;
		};
/* End PBXResourcesBuildPhase section */

/* Begin PBXShellScriptBuildPhase section */
		11247C421DBFB7E100557851 /* ShellScript */ = {
			isa = PBXShellScriptBuildPhase;
			buildActionMask = 2147483647;
			files = (
			);
			inputPaths = (
			);
			outputPaths = (
			);
			runOnlyForDeploymentPostprocessing = 0;
			shellPath = /bin/sh;
			shellScript = "mogenerator --swift --model ${PROJECT_DIR}/timetable/Sources/CoreData/Model/timetable.xcdatamodeld/timetable.xcdatamodel --machine-dir ${PROJECT_DIR}/timetable/Sources/CoreData/Generated --human-dir ${PROJECT_DIR}/timetable/Sources/CoreData/Editable";
		};
/* End PBXShellScriptBuildPhase section */

/* Begin PBXSourcesBuildPhase section */
		11C4A6E41DBE69F400DB103A /* Sources */ = {
			isa = PBXSourcesBuildPhase;
			buildActionMask = 2147483647;
			files = (
				11247C431DBFB9DF00557851 /* timetable.xcdatamodeld in Sources */,
				11247C371DBF577E00557851 /* StationTableViewController.swift in Sources */,
				11C4A6EC1DBE69F500DB103A /* AppDelegate.swift in Sources */,
			);
			runOnlyForDeploymentPostprocessing = 0;
		};
/* End PBXSourcesBuildPhase section */

/* Begin PBXVariantGroup section */
		11C4A6EF1DBE69F500DB103A /* Main.storyboard */ = {
			isa = PBXVariantGroup;
			children = (
				11C4A6F01DBE69F500DB103A /* Base */,
			);
			name = Main.storyboard;
			sourceTree = "<group>";
		};
		11C4A6F71DBE69F500DB103A /* LaunchScreen.storyboard */ = {
			isa = PBXVariantGroup;
			children = (
				11C4A6F81DBE69F500DB103A /* Base */,
			);
			name = LaunchScreen.storyboard;
			sourceTree = "<group>";
		};
/* End PBXVariantGroup section */

/* Begin XCBuildConfiguration section */
		11247C401DBFB7BF00557851 /* Debug */ = {
			isa = XCBuildConfiguration;
			buildSettings = {
				DEVELOPMENT_TEAM = U754XV4Y2S;
				PRODUCT_NAME = "$(TARGET_NAME)";
			};
			name = Debug;
		};
		11247C411DBFB7BF00557851 /* Release */ = {
			isa = XCBuildConfiguration;
			buildSettings = {
				DEVELOPMENT_TEAM = U754XV4Y2S;
				PRODUCT_NAME = "$(TARGET_NAME)";
			};
			name = Release;
		};
		11C4A6FB1DBE69F500DB103A /* Debug */ = {
			isa = XCBuildConfiguration;
			buildSettings = {
				ALWAYS_SEARCH_USER_PATHS = NO;
				CLANG_ANALYZER_NONNULL = YES;
				CLANG_CXX_LANGUAGE_STANDARD = "gnu++0x";
				CLANG_CXX_LIBRARY = "libc++";
				CLANG_ENABLE_MODULES = YES;
				CLANG_ENABLE_OBJC_ARC = YES;
				CLANG_WARN_BOOL_CONVERSION = YES;
				CLANG_WARN_CONSTANT_CONVERSION = YES;
				CLANG_WARN_DIRECT_OBJC_ISA_USAGE = YES_ERROR;
				CLANG_WARN_DOCUMENTATION_COMMENTS = YES;
				CLANG_WARN_EMPTY_BODY = YES;
				CLANG_WARN_ENUM_CONVERSION = YES;
				CLANG_WARN_INFINITE_RECURSION = YES;
				CLANG_WARN_INT_CONVERSION = YES;
				CLANG_WARN_OBJC_ROOT_CLASS = YES_ERROR;
				CLANG_WARN_SUSPICIOUS_MOVES = YES;
				CLANG_WARN_UNREACHABLE_CODE = YES;
				CLANG_WARN__DUPLICATE_METHOD_MATCH = YES;
				"CODE_SIGN_IDENTITY[sdk=iphoneos*]" = "iPhone Developer";
				COPY_PHASE_STRIP = NO;
				DEBUG_INFORMATION_FORMAT = dwarf;
				ENABLE_STRICT_OBJC_MSGSEND = YES;
				ENABLE_TESTABILITY = YES;
				GCC_C_LANGUAGE_STANDARD = gnu99;
				GCC_DYNAMIC_NO_PIC = NO;
				GCC_NO_COMMON_BLOCKS = YES;
				GCC_OPTIMIZATION_LEVEL = 0;
				GCC_PREPROCESSOR_DEFINITIONS = (
					"DEBUG=1",
					"$(inherited)",
				);
				GCC_WARN_64_TO_32_BIT_CONVERSION = YES;
				GCC_WARN_ABOUT_RETURN_TYPE = YES_ERROR;
				GCC_WARN_UNDECLARED_SELECTOR = YES;
				GCC_WARN_UNINITIALIZED_AUTOS = YES_AGGRESSIVE;
				GCC_WARN_UNUSED_FUNCTION = YES;
				GCC_WARN_UNUSED_VARIABLE = YES;
				IPHONEOS_DEPLOYMENT_TARGET = 10.0;
				MTL_ENABLE_DEBUG_INFO = YES;
				ONLY_ACTIVE_ARCH = YES;
				SDKROOT = iphoneos;
				SWIFT_ACTIVE_COMPILATION_CONDITIONS = DEBUG;
				SWIFT_OPTIMIZATION_LEVEL = "-Onone";
				TARGETED_DEVICE_FAMILY = "1,2";
			};
			name = Debug;
		};
		11C4A6FC1DBE69F500DB103A /* Release */ = {
			isa = XCBuildConfiguration;
			buildSettings = {
				ALWAYS_SEARCH_USER_PATHS = NO;
				CLANG_ANALYZER_NONNULL = YES;
				CLANG_CXX_LANGUAGE_STANDARD = "gnu++0x";
				CLANG_CXX_LIBRARY = "libc++";
				CLANG_ENABLE_MODULES = YES;
				CLANG_ENABLE_OBJC_ARC = YES;
				CLANG_WARN_BOOL_CONVERSION = YES;
				CLANG_WARN_CONSTANT_CONVERSION = YES;
				CLANG_WARN_DIRECT_OBJC_ISA_USAGE = YES_ERROR;
				CLANG_WARN_DOCUMENTATION_COMMENTS = YES;
				CLANG_WARN_EMPTY_BODY = YES;
				CLANG_WARN_ENUM_CONVERSION = YES;
				CLANG_WARN_INFINITE_RECURSION = YES;
				CLANG_WARN_INT_CONVERSION = YES;
				CLANG_WARN_OBJC_ROOT_CLASS = YES_ERROR;
				CLANG_WARN_SUSPICIOUS_MOVES = YES;
				CLANG_WARN_UNREACHABLE_CODE = YES;
				CLANG_WARN__DUPLICATE_METHOD_MATCH = YES;
				"CODE_SIGN_IDENTITY[sdk=iphoneos*]" = "iPhone Developer";
				COPY_PHASE_STRIP = NO;
				DEBUG_INFORMATION_FORMAT = "dwarf-with-dsym";
				ENABLE_NS_ASSERTIONS = NO;
				ENABLE_STRICT_OBJC_MSGSEND = YES;
				GCC_C_LANGUAGE_STANDARD = gnu99;
				GCC_NO_COMMON_BLOCKS = YES;
				GCC_WARN_64_TO_32_BIT_CONVERSION = YES;
				GCC_WARN_ABOUT_RETURN_TYPE = YES_ERROR;
				GCC_WARN_UNDECLARED_SELECTOR = YES;
				GCC_WARN_UNINITIALIZED_AUTOS = YES_AGGRESSIVE;
				GCC_WARN_UNUSED_FUNCTION = YES;
				GCC_WARN_UNUSED_VARIABLE = YES;
				IPHONEOS_DEPLOYMENT_TARGET = 10.0;
				MTL_ENABLE_DEBUG_INFO = NO;
				SDKROOT = iphoneos;
				SWIFT_OPTIMIZATION_LEVEL = "-Owholemodule";
				TARGETED_DEVICE_FAMILY = "1,2";
				VALIDATE_PRODUCT = YES;
			};
			name = Release;
		};
		11C4A6FE1DBE69F500DB103A /* Debug */ = {
			isa = XCBuildConfiguration;
			buildSettings = {
				ASSETCATALOG_COMPILER_APPICON_NAME = AppIcon;
				DEVELOPMENT_TEAM = U754XV4Y2S;
				INFOPLIST_FILE = timetable/Info.plist;
				LD_RUNPATH_SEARCH_PATHS = "$(inherited) @executable_path/Frameworks";
				PRODUCT_BUNDLE_IDENTIFIER = EasyGuys.timetable;
				PRODUCT_NAME = "$(TARGET_NAME)";
				SWIFT_VERSION = 3.0;
			};
			name = Debug;
		};
		11C4A6FF1DBE69F500DB103A /* Release */ = {
			isa = XCBuildConfiguration;
			buildSettings = {
				ASSETCATALOG_COMPILER_APPICON_NAME = AppIcon;
				DEVELOPMENT_TEAM = U754XV4Y2S;
				INFOPLIST_FILE = timetable/Info.plist;
				LD_RUNPATH_SEARCH_PATHS = "$(inherited) @executable_path/Frameworks";
				PRODUCT_BUNDLE_IDENTIFIER = EasyGuys.timetable;
				PRODUCT_NAME = "$(TARGET_NAME)";
				SWIFT_VERSION = 3.0;
			};
			name = Release;
		};
/* End XCBuildConfiguration section */

/* Begin XCConfigurationList section */
		11247C3F1DBFB7BF00557851 /* Build configuration list for PBXAggregateTarget "Mogenerator" */ = {
			isa = XCConfigurationList;
			buildConfigurations = (
				11247C401DBFB7BF00557851 /* Debug */,
				11247C411DBFB7BF00557851 /* Release */,
			);
			defaultConfigurationIsVisible = 0;
		};
		11C4A6E31DBE69F400DB103A /* Build configuration list for PBXProject "timetable" */ = {
			isa = XCConfigurationList;
			buildConfigurations = (
				11C4A6FB1DBE69F500DB103A /* Debug */,
				11C4A6FC1DBE69F500DB103A /* Release */,
			);
			defaultConfigurationIsVisible = 0;
			defaultConfigurationName = Release;
		};
		11C4A6FD1DBE69F500DB103A /* Build configuration list for PBXNativeTarget "timetable" */ = {
			isa = XCConfigurationList;
			buildConfigurations = (
				11C4A6FE1DBE69F500DB103A /* Debug */,
				11C4A6FF1DBE69F500DB103A /* Release */,
			);
			defaultConfigurationIsVisible = 0;
			defaultConfigurationName = Release;
		};
/* End XCConfigurationList section */

/* Begin XCVersionGroup section */
		11C4A6F21DBE69F500DB103A /* timetable.xcdatamodeld */ = {
			isa = XCVersionGroup;
			children = (
				11C4A6F31DBE69F500DB103A /* timetable.xcdatamodel */,
			);
			currentVersion = 11C4A6F31DBE69F500DB103A /* timetable.xcdatamodel */;
			path = timetable.xcdatamodeld;
			sourceTree = "<group>";
			versionGroupType = wrapper.xcdatamodel;
		};
/* End XCVersionGroup section */
	};
	rootObject = 11C4A6E01DBE69F400DB103A /* Project object */;
}
